{
  "name": "@wisent-ai/quality-control",
  "version": "0.1.0",
  "lockfileVersion": 3,
  "requires": true,
  "packages": {
    "": {
      "name": "@wisent-ai/quality-control",
      "version": "0.1.0",
      "license": "SEE LICENSE IN LICENSE",
      "bin": {
        "wisent-check-fallbacks": "scripts/check-no-fallbacks.mjs",
        "wisent-check-keyword-logic": "scripts/check-no-keyword-logic.mjs",
        "wisent-check-magic-constants": "scripts/check-no-magic-constants.mjs",
        "wisent-check-desktop-cli-coupling": "scripts/check-no-desktop-cli-coupling.mjs"
      },
      "engines": {
        "node": ">=20"
      }
    }
  }
}
